
Microsoft Visual Studio Solution File, Format Version 12.00
# Visual Studio 14
VisualStudioVersion = 14.0.25420.1
MinimumVisualStudioVersion = 10.0.40219.1
Project("{FAE04EC0-301F-11D3-BF4B-00C04F79EFBC}") = "OutCode.V9E.Interfaces", "OutCode.V9E.Entities\OutCode.V9E.Interfaces.csproj", "{FBA37A0D-768A-4EE1-A035-BEDE505A1A09}"
EndProject
Project("{FAE04EC0-301F-11D3-BF4B-00C04F79EFBC}") = "OutCode.V9E.Core", "OutCode.V9E.Core\OutCode.V9E.Core.csproj", "{B7B5C404-61F6-47DF-9162-DDAC3E8038FB}"
EndProject
Project("{FAE04EC0-301F-11D3-BF4B-00C04F79EFBC}") = "OutCode.V9E.BRModules", "OutCode.V9E.BRModules\OutCode.V9E.BRModules.csproj", "{7E2C6FA6-D34C-4C36-9102-983462A56E0B}"
EndProject
Project("{FAE04EC0-301F-11D3-BF4B-00C04F79EFBC}") = "Testes", "Testes\Testes.csproj", "{445257EB-15DA-473F-886A-C0A51382876B}"
EndProject
Project("{FAE04EC0-301F-11D3-BF4B-00C04F79EFBC}") = "OutCode.Robot", "OutCode.Robot\OutCode.Robot.csproj", "{77954078-8149-438B-9896-E69C543CBFB5}"
EndProject
Project("{FAE04EC0-301F-11D3-BF4B-00C04F79EFBC}") = "OutCode.Pdf", "OutCode.Pdf\OutCode.Pdf.csproj", "{34F375CB-CD28-415C-865E-22C996864C55}"
EndProject
Project("{FAE04EC0-301F-11D3-BF4B-00C04F79EFBC}") = "OutCode.Security", "OutCode.Security\OutCode.Security.csproj", "{B529339C-FF74-4C1D-81A5-4D2F8A33F424}"
EndProject
Project("{FAE04EC0-301F-11D3-BF4B-00C04F79EFBC}") = "OutCode.IO", "OutCode.IO\OutCode.IO.csproj", "{9424E7DA-B50D-4D6D-8CE5-E451D88BFC1C}"
EndProject
Project("{FAE04EC0-301F-11D3-BF4B-00C04F79EFBC}") = "OutCode.Interop", "OutCode.Entities\OutCode.Interop.csproj", "{A7A6C2FD-8EF9-48B1-BBB4-03EA1B3DB24D}"
EndProject
Project("{FAE04EC0-301F-11D3-BF4B-00C04F79EFBC}") = "OutCode.Utils", "OutCode.Utils\OutCode.Utils.csproj", "{654BCBD4-0FBE-4FE4-8B17-6E782773E5F3}"
EndProject
Project("{FAE04EC0-301F-11D3-BF4B-00C04F79EFBC}") = "OutCode.Net", "OutCode.Net\OutCode.Net.csproj", "{C88386C9-F424-4814-B037-640DDA51E283}"
EndProject
Project("{FAE04EC0-301F-11D3-BF4B-00C04F79EFBC}") = "OutCode.UI", "OutCode.UI\OutCode.UI.csproj", "{43859553-A13A-485B-BBA4-11B62219E716}"
EndProject
Project("{FAE04EC0-301F-11D3-BF4B-00C04F79EFBC}") = "OutCode.ERP", "OutCode.ERP\OutCode.ERP.csproj", "{AF88F582-34DA-4415-BEF1-6D8F2755D76C}"
EndProject
Project("{FAE04EC0-301F-11D3-BF4B-00C04F79EFBC}") = "OutCode.Codes", "OutCode.Codes\OutCode.Codes.csproj", "{1B5CA382-837C-4D1E-AFBB-B1FE9A09E21F}"
EndProject
Project("{FAE04EC0-301F-11D3-BF4B-00C04F79EFBC}") = "WezoCode", "WezoCode\WezoCode.csproj", "{436BC61C-B3F2-430B-946F-89B128639A79}"
EndProject
Project("{FAE04EC0-301F-11D3-BF4B-00C04F79EFBC}") = "IOSTeste", "IOSTeste\IOSTeste.csproj", "{5942D9FD-D793-4D76-834F-48F313FEC03B}"
EndProject
Project("{FAE04EC0-301F-11D3-BF4B-00C04F79EFBC}") = "OutCode.Helpers", "OutCode.Helpers\OutCode.Helpers.csproj", "{E230BB9C-C62B-48C9-A74E-FDA04F5718ED}"
EndProject
Project("{FAE04EC0-301F-11D3-BF4B-00C04F79EFBC}") = "OutCode.Database", "OutCode.Database\OutCode.Database.csproj", "{CC18F1AC-50AE-4D94-9A51-07DA27A86E3B}"
EndProject
Global
	GlobalSection(SolutionConfigurationPlatforms) = preSolution
		Debug|Any CPU = Debug|Any CPU
		Debug|x86 = Debug|x86
		Release|Any CPU = Release|Any CPU
		Release|x86 = Release|x86
	EndGlobalSection
	GlobalSection(ProjectConfigurationPlatforms) = postSolution
		{FBA37A0D-768A-4EE1-A035-BEDE505A1A09}.Debug|Any CPU.ActiveCfg = Debug|Any CPU
		{FBA37A0D-768A-4EE1-A035-BEDE505A1A09}.Debug|Any CPU.Build.0 = Debug|Any CPU
		{FBA37A0D-768A-4EE1-A035-BEDE505A1A09}.Debug|x86.ActiveCfg = Debug|Any CPU
		{FBA37A0D-768A-4EE1-A035-BEDE505A1A09}.Release|Any CPU.ActiveCfg = Release|Any CPU
		{FBA37A0D-768A-4EE1-A035-BEDE505A1A09}.Release|Any CPU.Build.0 = Release|Any CPU
		{FBA37A0D-768A-4EE1-A035-BEDE505A1A09}.Release|x86.ActiveCfg = Release|Any CPU
		{B7B5C404-61F6-47DF-9162-DDAC3E8038FB}.Debug|Any CPU.ActiveCfg = Debug|Any CPU
		{B7B5C404-61F6-47DF-9162-DDAC3E8038FB}.Debug|Any CPU.Build.0 = Debug|Any CPU
		{B7B5C404-61F6-47DF-9162-DDAC3E8038FB}.Debug|x86.ActiveCfg = Debug|Any CPU
		{B7B5C404-61F6-47DF-9162-DDAC3E8038FB}.Release|Any CPU.ActiveCfg = Release|Any CPU
		{B7B5C404-61F6-47DF-9162-DDAC3E8038FB}.Release|Any CPU.Build.0 = Release|Any CPU
		{B7B5C404-61F6-47DF-9162-DDAC3E8038FB}.Release|x86.ActiveCfg = Release|Any CPU
		{7E2C6FA6-D34C-4C36-9102-983462A56E0B}.Debug|Any CPU.ActiveCfg = Debug|Any CPU
		{7E2C6FA6-D34C-4C36-9102-983462A56E0B}.Debug|Any CPU.Build.0 = Debug|Any CPU
		{7E2C6FA6-D34C-4C36-9102-983462A56E0B}.Debug|x86.ActiveCfg = Debug|Any CPU
		{7E2C6FA6-D34C-4C36-9102-983462A56E0B}.Release|Any CPU.ActiveCfg = Release|Any CPU
		{7E2C6FA6-D34C-4C36-9102-983462A56E0B}.Release|Any CPU.Build.0 = Release|Any CPU
		{7E2C6FA6-D34C-4C36-9102-983462A56E0B}.Release|x86.ActiveCfg = Release|Any CPU
		{445257EB-15DA-473F-886A-C0A51382876B}.Debug|Any CPU.ActiveCfg = Debug|Any CPU
		{445257EB-15DA-473F-886A-C0A51382876B}.Debug|Any CPU.Build.0 = Debug|Any CPU
		{445257EB-15DA-473F-886A-C0A51382876B}.Debug|x86.ActiveCfg = Debug|Any CPU
		{445257EB-15DA-473F-886A-C0A51382876B}.Debug|x86.Build.0 = Debug|Any CPU
		{445257EB-15DA-473F-886A-C0A51382876B}.Release|Any CPU.ActiveCfg = Release|Any CPU
		{445257EB-15DA-473F-886A-C0A51382876B}.Release|Any CPU.Build.0 = Release|Any CPU
		{445257EB-15DA-473F-886A-C0A51382876B}.Release|x86.ActiveCfg = Release|Any CPU
		{445257EB-15DA-473F-886A-C0A51382876B}.Release|x86.Build.0 = Release|Any CPU
		{77954078-8149-438B-9896-E69C543CBFB5}.Debug|Any CPU.ActiveCfg = Debug|Any CPU
		{77954078-8149-438B-9896-E69C543CBFB5}.Debug|Any CPU.Build.0 = Debug|Any CPU
		{77954078-8149-438B-9896-E69C543CBFB5}.Debug|x86.ActiveCfg = Debug|Any CPU
		{77954078-8149-438B-9896-E69C543CBFB5}.Release|Any CPU.ActiveCfg = Release|Any CPU
		{77954078-8149-438B-9896-E69C543CBFB5}.Release|Any CPU.Build.0 = Release|Any CPU
		{77954078-8149-438B-9896-E69C543CBFB5}.Release|x86.ActiveCfg = Release|Any CPU
		{34F375CB-CD28-415C-865E-22C996864C55}.Debug|Any CPU.ActiveCfg = Debug|Any CPU
		{34F375CB-CD28-415C-865E-22C996864C55}.Debug|Any CPU.Build.0 = Debug|Any CPU
		{34F375CB-CD28-415C-865E-22C996864C55}.Debug|x86.ActiveCfg = Debug|Any CPU
		{34F375CB-CD28-415C-865E-22C996864C55}.Release|Any CPU.ActiveCfg = Release|Any CPU
		{34F375CB-CD28-415C-865E-22C996864C55}.Release|Any CPU.Build.0 = Release|Any CPU
		{34F375CB-CD28-415C-865E-22C996864C55}.Release|x86.ActiveCfg = Release|Any CPU
		{B529339C-FF74-4C1D-81A5-4D2F8A33F424}.Debug|Any CPU.ActiveCfg = Debug|Any CPU
		{B529339C-FF74-4C1D-81A5-4D2F8A33F424}.Debug|Any CPU.Build.0 = Debug|Any CPU
		{B529339C-FF74-4C1D-81A5-4D2F8A33F424}.Debug|x86.ActiveCfg = Debug|Any CPU
		{B529339C-FF74-4C1D-81A5-4D2F8A33F424}.Release|Any CPU.ActiveCfg = Release|Any CPU
		{B529339C-FF74-4C1D-81A5-4D2F8A33F424}.Release|Any CPU.Build.0 = Release|Any CPU
		{B529339C-FF74-4C1D-81A5-4D2F8A33F424}.Release|x86.ActiveCfg = Release|x86
		{9424E7DA-B50D-4D6D-8CE5-E451D88BFC1C}.Debug|Any CPU.ActiveCfg = Debug|Any CPU
		{9424E7DA-B50D-4D6D-8CE5-E451D88BFC1C}.Debug|Any CPU.Build.0 = Debug|Any CPU
		{9424E7DA-B50D-4D6D-8CE5-E451D88BFC1C}.Debug|x86.ActiveCfg = Debug|x86
		{9424E7DA-B50D-4D6D-8CE5-E451D88BFC1C}.Release|Any CPU.ActiveCfg = Release|Any CPU
		{9424E7DA-B50D-4D6D-8CE5-E451D88BFC1C}.Release|Any CPU.Build.0 = Release|Any CPU
		{9424E7DA-B50D-4D6D-8CE5-E451D88BFC1C}.Release|x86.ActiveCfg = Release|x86
		{A7A6C2FD-8EF9-48B1-BBB4-03EA1B3DB24D}.Debug|Any CPU.ActiveCfg = Debug|Any CPU
		{A7A6C2FD-8EF9-48B1-BBB4-03EA1B3DB24D}.Debug|Any CPU.Build.0 = Debug|Any CPU
		{A7A6C2FD-8EF9-48B1-BBB4-03EA1B3DB24D}.Debug|x86.ActiveCfg = Debug|Any CPU
		{A7A6C2FD-8EF9-48B1-BBB4-03EA1B3DB24D}.Release|Any CPU.ActiveCfg = Release|Any CPU
		{A7A6C2FD-8EF9-48B1-BBB4-03EA1B3DB24D}.Release|Any CPU.Build.0 = Release|Any CPU
		{A7A6C2FD-8EF9-48B1-BBB4-03EA1B3DB24D}.Release|x86.ActiveCfg = Release|Any CPU
		{654BCBD4-0FBE-4FE4-8B17-6E782773E5F3}.Debug|Any CPU.ActiveCfg = Debug|Any CPU
		{654BCBD4-0FBE-4FE4-8B17-6E782773E5F3}.Debug|Any CPU.Build.0 = Debug|Any CPU
		{654BCBD4-0FBE-4FE4-8B17-6E782773E5F3}.Debug|x86.ActiveCfg = Debug|Any CPU
		{654BCBD4-0FBE-4FE4-8B17-6E782773E5F3}.Release|Any CPU.ActiveCfg = Release|Any CPU
		{654BCBD4-0FBE-4FE4-8B17-6E782773E5F3}.Release|Any CPU.Build.0 = Release|Any CPU
		{654BCBD4-0FBE-4FE4-8B17-6E782773E5F3}.Release|x86.ActiveCfg = Release|x86
		{C88386C9-F424-4814-B037-640DDA51E283}.Debug|Any CPU.ActiveCfg = Debug|Any CPU
		{C88386C9-F424-4814-B037-640DDA51E283}.Debug|Any CPU.Build.0 = Debug|Any CPU
		{C88386C9-F424-4814-B037-640DDA51E283}.Debug|x86.ActiveCfg = Debug|Any CPU
		{C88386C9-F424-4814-B037-640DDA51E283}.Debug|x86.Build.0 = Debug|Any CPU
		{C88386C9-F424-4814-B037-640DDA51E283}.Release|Any CPU.ActiveCfg = Release|Any CPU
		{C88386C9-F424-4814-B037-640DDA51E283}.Release|Any CPU.Build.0 = Release|Any CPU
		{C88386C9-F424-4814-B037-640DDA51E283}.Release|x86.ActiveCfg = Release|Any CPU
		{C88386C9-F424-4814-B037-640DDA51E283}.Release|x86.Build.0 = Release|Any CPU
		{43859553-A13A-485B-BBA4-11B62219E716}.Debug|Any CPU.ActiveCfg = Debug|Any CPU
		{43859553-A13A-485B-BBA4-11B62219E716}.Debug|Any CPU.Build.0 = Debug|Any CPU
		{43859553-A13A-485B-BBA4-11B62219E716}.Debug|x86.ActiveCfg = Debug|Any CPU
		{43859553-A13A-485B-BBA4-11B62219E716}.Release|Any CPU.ActiveCfg = Release|Any CPU
		{43859553-A13A-485B-BBA4-11B62219E716}.Release|Any CPU.Build.0 = Release|Any CPU
		{43859553-A13A-485B-BBA4-11B62219E716}.Release|x86.ActiveCfg = Release|x86
		{AF88F582-34DA-4415-BEF1-6D8F2755D76C}.Debug|Any CPU.ActiveCfg = Debug|Any CPU
		{AF88F582-34DA-4415-BEF1-6D8F2755D76C}.Debug|Any CPU.Build.0 = Debug|Any CPU
		{AF88F582-34DA-4415-BEF1-6D8F2755D76C}.Debug|x86.ActiveCfg = Debug|Any CPU
		{AF88F582-34DA-4415-BEF1-6D8F2755D76C}.Release|Any CPU.ActiveCfg = Release|Any CPU
		{AF88F582-34DA-4415-BEF1-6D8F2755D76C}.Release|Any CPU.Build.0 = Release|Any CPU
		{AF88F582-34DA-4415-BEF1-6D8F2755D76C}.Release|x86.ActiveCfg = Release|Any CPU
		{1B5CA382-837C-4D1E-AFBB-B1FE9A09E21F}.Debug|Any CPU.ActiveCfg = Debug|Any CPU
		{1B5CA382-837C-4D1E-AFBB-B1FE9A09E21F}.Debug|Any CPU.Build.0 = Debug|Any CPU
		{1B5CA382-837C-4D1E-AFBB-B1FE9A09E21F}.Debug|x86.ActiveCfg = Debug|Any CPU
		{1B5CA382-837C-4D1E-AFBB-B1FE9A09E21F}.Release|Any CPU.ActiveCfg = Release|Any CPU
		{1B5CA382-837C-4D1E-AFBB-B1FE9A09E21F}.Release|Any CPU.Build.0 = Release|Any CPU
		{1B5CA382-837C-4D1E-AFBB-B1FE9A09E21F}.Release|x86.ActiveCfg = Release|Any CPU
		{436BC61C-B3F2-430B-946F-89B128639A79}.Debug|Any CPU.ActiveCfg = Debug|Any CPU
		{436BC61C-B3F2-430B-946F-89B128639A79}.Debug|Any CPU.Build.0 = Debug|Any CPU
		{436BC61C-B3F2-430B-946F-89B128639A79}.Debug|x86.ActiveCfg = Debug|Any CPU
		{436BC61C-B3F2-430B-946F-89B128639A79}.Release|Any CPU.ActiveCfg = Release|Any CPU
		{436BC61C-B3F2-430B-946F-89B128639A79}.Release|x86.ActiveCfg = Release|Any CPU
		{5942D9FD-D793-4D76-834F-48F313FEC03B}.Debug|Any CPU.ActiveCfg = Debug|Any CPU
		{5942D9FD-D793-4D76-834F-48F313FEC03B}.Debug|Any CPU.Build.0 = Debug|Any CPU
		{5942D9FD-D793-4D76-834F-48F313FEC03B}.Debug|x86.ActiveCfg = Debug|Any CPU
		{5942D9FD-D793-4D76-834F-48F313FEC03B}.Release|Any CPU.ActiveCfg = Release|Any CPU
		{5942D9FD-D793-4D76-834F-48F313FEC03B}.Release|Any CPU.Build.0 = Release|Any CPU
		{5942D9FD-D793-4D76-834F-48F313FEC03B}.Release|x86.ActiveCfg = Release|Any CPU
		{E230BB9C-C62B-48C9-A74E-FDA04F5718ED}.Debug|Any CPU.ActiveCfg = Debug|Any CPU
		{E230BB9C-C62B-48C9-A74E-FDA04F5718ED}.Debug|Any CPU.Build.0 = Debug|Any CPU
		{E230BB9C-C62B-48C9-A74E-FDA04F5718ED}.Debug|x86.ActiveCfg = Debug|Any CPU
		{E230BB9C-C62B-48C9-A74E-FDA04F5718ED}.Release|Any CPU.ActiveCfg = Release|Any CPU
		{E230BB9C-C62B-48C9-A74E-FDA04F5718ED}.Release|Any CPU.Build.0 = Release|Any CPU
		{E230BB9C-C62B-48C9-A74E-FDA04F5718ED}.Release|x86.ActiveCfg = Release|Any CPU
		{CC18F1AC-50AE-4D94-9A51-07DA27A86E3B}.Debug|Any CPU.ActiveCfg = Debug|Any CPU
		{CC18F1AC-50AE-4D94-9A51-07DA27A86E3B}.Debug|Any CPU.Build.0 = Debug|Any CPU
		{CC18F1AC-50AE-4D94-9A51-07DA27A86E3B}.Debug|x86.ActiveCfg = Debug|Any CPU
		{CC18F1AC-50AE-4D94-9A51-07DA27A86E3B}.Release|Any CPU.ActiveCfg = Release|Any CPU
		{CC18F1AC-50AE-4D94-9A51-07DA27A86E3B}.Release|Any CPU.Build.0 = Release|Any CPU
		{CC18F1AC-50AE-4D94-9A51-07DA27A86E3B}.Release|x86.ActiveCfg = Release|Any CPU
	EndGlobalSection
	GlobalSection(SolutionProperties) = preSolution
		HideSolutionNode = FALSE
	EndGlobalSection
	GlobalSection(ExtensibilityGlobals) = postSolution
		SolutionGuid = {F143C62D-2640-49E5-8809-650C45ADA9A7}
	EndGlobalSection
EndGlobal
